// !$*UTF8*$!
{
	archiveVersion = 1;
	classes = {
	};
	objectVersion = 55;
	objects = {

/* Begin PBXBuildFile section */
		262C058F283FB5C80013C677 /* SignupView.swift in Sources */ = {isa = PBXBuildFile; fileRef = 262C058E283FB5C80013C677 /* SignupView.swift */; };
		26DAF3A2283CD5790019F43D /* LaunchScreen.swift in Sources */ = {isa = PBXBuildFile; fileRef = 26DAF3A1283CD5780019F43D /* LaunchScreen.swift */; };
		26F35830283C9C83000D0649 /* MapView.swift in Sources */ = {isa = PBXBuildFile; fileRef = 26F3582F283C9C83000D0649 /* MapView.swift */; };
		26F35832283C9CAE000D0649 /* ParkingList.swift in Sources */ = {isa = PBXBuildFile; fileRef = 26F35831283C9CAE000D0649 /* ParkingList.swift */; };
		26F35834283C9D26000D0649 /* ParkingRow.swift in Sources */ = {isa = PBXBuildFile; fileRef = 26F35833283C9D26000D0649 /* ParkingRow.swift */; };
		26F35836283C9D9D000D0649 /* ParkingDetail.swift in Sources */ = {isa = PBXBuildFile; fileRef = 26F35835283C9D9D000D0649 /* ParkingDetail.swift */; };
		26F35838283C9E00000D0649 /* Parking.swift in Sources */ = {isa = PBXBuildFile; fileRef = 26F35837283C9E00000D0649 /* Parking.swift */; };
		26F3583D283C9F7D000D0649 /* Data.swift in Sources */ = {isa = PBXBuildFile; fileRef = 26F3583C283C9F7D000D0649 /* Data.swift */; };
		26F35840283CA02F000D0649 /* parkingData.json in Resources */ = {isa = PBXBuildFile; fileRef = 26F3583F283CA02F000D0649 /* parkingData.json */; };
		8EDFF52028339E5400B40DE7 /* BiKUApp.swift in Sources */ = {isa = PBXBuildFile; fileRef = 8EDFF51F28339E5400B40DE7 /* BiKUApp.swift */; };
		8EDFF52228339E5400B40DE7 /* LoginView.swift in Sources */ = {isa = PBXBuildFile; fileRef = 8EDFF52128339E5400B40DE7 /* LoginView.swift */; };
		8EDFF52428339E5500B40DE7 /* Assets.xcassets in Resources */ = {isa = PBXBuildFile; fileRef = 8EDFF52328339E5500B40DE7 /* Assets.xcassets */; };
		8EDFF52728339E5500B40DE7 /* Preview Assets.xcassets in Resources */ = {isa = PBXBuildFile; fileRef = 8EDFF52628339E5500B40DE7 /* Preview Assets.xcassets */; };
		8EDFF53128339E5600B40DE7 /* BiKUTests.swift in Sources */ = {isa = PBXBuildFile; fileRef = 8EDFF53028339E5600B40DE7 /* BiKUTests.swift */; };
		8EDFF53B28339E5600B40DE7 /* BiKUUITests.swift in Sources */ = {isa = PBXBuildFile; fileRef = 8EDFF53A28339E5600B40DE7 /* BiKUUITests.swift */; };
		8EDFF53D28339E5600B40DE7 /* BiKUUITestsLaunchTests.swift in Sources */ = {isa = PBXBuildFile; fileRef = 8EDFF53C28339E5600B40DE7 /* BiKUUITestsLaunchTests.swift */; };
		F36AEF5A2845FB430032EF90 /* GoogleService-Info.plist in Resources */ = {isa = PBXBuildFile; fileRef = F36AEF592845FB430032EF90 /* GoogleService-Info.plist */; };
		F36AEF5B2845FB430032EF90 /* GoogleService-Info.plist in Resources */ = {isa = PBXBuildFile; fileRef = F36AEF592845FB430032EF90 /* GoogleService-Info.plist */; };
		F36AEF5C2845FB430032EF90 /* GoogleService-Info.plist in Resources */ = {isa = PBXBuildFile; fileRef = F36AEF592845FB430032EF90 /* GoogleService-Info.plist */; };
		F36AEF5F2845FBCC0032EF90 /* FirebaseAuth in Frameworks */ = {isa = PBXBuildFile; productRef = F36AEF5E2845FBCC0032EF90 /* FirebaseAuth */; };
		F36AEF612845FBCC0032EF90 /* FirebaseFirestore in Frameworks */ = {isa = PBXBuildFile; productRef = F36AEF602845FBCC0032EF90 /* FirebaseFirestore */; };
		F36AEF632845FBCC0032EF90 /* FirebaseFirestoreSwift in Frameworks */ = {isa = PBXBuildFile; productRef = F36AEF622845FBCC0032EF90 /* FirebaseFirestoreSwift */; };
/* End PBXBuildFile section */

/* Begin PBXContainerItemProxy section */
		8EDFF52D28339E5600B40DE7 /* PBXContainerItemProxy */ = {
			isa = PBXContainerItemProxy;
			containerPortal = 8EDFF51428339E5400B40DE7 /* Project object */;
			proxyType = 1;
			remoteGlobalIDString = 8EDFF51B28339E5400B40DE7;
			remoteInfo = BiKU;
		};
		8EDFF53728339E5600B40DE7 /* PBXContainerItemProxy */ = {
			isa = PBXContainerItemProxy;
			containerPortal = 8EDFF51428339E5400B40DE7 /* Project object */;
			proxyType = 1;
			remoteGlobalIDString = 8EDFF51B28339E5400B40DE7;
			remoteInfo = BiKU;
		};
/* End PBXContainerItemProxy section */

/* Begin PBXFileReference section */
		262C058E283FB5C80013C677 /* SignupView.swift */ = {isa = PBXFileReference; lastKnownFileType = sourcecode.swift; path = SignupView.swift; sourceTree = "<group>"; };
		26DAF3A1283CD5780019F43D /* LaunchScreen.swift */ = {isa = PBXFileReference; lastKnownFileType = sourcecode.swift; path = LaunchScreen.swift; sourceTree = "<group>"; };
		26F3582F283C9C83000D0649 /* MapView.swift */ = {isa = PBXFileReference; lastKnownFileType = sourcecode.swift; path = MapView.swift; sourceTree = "<group>"; };
		26F35831283C9CAE000D0649 /* ParkingList.swift */ = {isa = PBXFileReference; lastKnownFileType = sourcecode.swift; path = ParkingList.swift; sourceTree = "<group>"; };
		26F35833283C9D26000D0649 /* ParkingRow.swift */ = {isa = PBXFileReference; lastKnownFileType = sourcecode.swift; path = ParkingRow.swift; sourceTree = "<group>"; };
		26F35835283C9D9D000D0649 /* ParkingDetail.swift */ = {isa = PBXFileReference; lastKnownFileType = sourcecode.swift; path = ParkingDetail.swift; sourceTree = "<group>"; };
		26F35837283C9E00000D0649 /* Parking.swift */ = {isa = PBXFileReference; lastKnownFileType = sourcecode.swift; path = Parking.swift; sourceTree = "<group>"; };
		26F3583C283C9F7D000D0649 /* Data.swift */ = {isa = PBXFileReference; lastKnownFileType = sourcecode.swift; path = Data.swift; sourceTree = "<group>"; };
		26F3583F283CA02F000D0649 /* parkingData.json */ = {isa = PBXFileReference; fileEncoding = 4; lastKnownFileType = text.json; path = parkingData.json; sourceTree = "<group>"; };
		8EDFF51C28339E5400B40DE7 /* BiKU.app */ = {isa = PBXFileReference; explicitFileType = wrapper.application; includeInIndex = 0; path = BiKU.app; sourceTree = BUILT_PRODUCTS_DIR; };
		8EDFF51F28339E5400B40DE7 /* BiKUApp.swift */ = {isa = PBXFileReference; lastKnownFileType = sourcecode.swift; path = BiKUApp.swift; sourceTree = "<group>"; };
		8EDFF52128339E5400B40DE7 /* LoginView.swift */ = {isa = PBXFileReference; lastKnownFileType = sourcecode.swift; path = LoginView.swift; sourceTree = "<group>"; };
		8EDFF52328339E5500B40DE7 /* Assets.xcassets */ = {isa = PBXFileReference; lastKnownFileType = folder.assetcatalog; path = Assets.xcassets; sourceTree = "<group>"; };
		8EDFF52628339E5500B40DE7 /* Preview Assets.xcassets */ = {isa = PBXFileReference; lastKnownFileType = folder.assetcatalog; path = "Preview Assets.xcassets"; sourceTree = "<group>"; };
		8EDFF52C28339E5600B40DE7 /* BiKUTests.xctest */ = {isa = PBXFileReference; explicitFileType = wrapper.cfbundle; includeInIndex = 0; path = BiKUTests.xctest; sourceTree = BUILT_PRODUCTS_DIR; };
		8EDFF53028339E5600B40DE7 /* BiKUTests.swift */ = {isa = PBXFileReference; lastKnownFileType = sourcecode.swift; path = BiKUTests.swift; sourceTree = "<group>"; };
		8EDFF53628339E5600B40DE7 /* BiKUUITests.xctest */ = {isa = PBXFileReference; explicitFileType = wrapper.cfbundle; includeInIndex = 0; path = BiKUUITests.xctest; sourceTree = BUILT_PRODUCTS_DIR; };
		8EDFF53A28339E5600B40DE7 /* BiKUUITests.swift */ = {isa = PBXFileReference; lastKnownFileType = sourcecode.swift; path = BiKUUITests.swift; sourceTree = "<group>"; };
		8EDFF53C28339E5600B40DE7 /* BiKUUITestsLaunchTests.swift */ = {isa = PBXFileReference; lastKnownFileType = sourcecode.swift; path = BiKUUITestsLaunchTests.swift; sourceTree = "<group>"; };
		F36AEF592845FB430032EF90 /* GoogleService-Info.plist */ = {isa = PBXFileReference; fileEncoding = 4; lastKnownFileType = text.plist.xml; name = "GoogleService-Info.plist"; path = "../../../../Downloads/GoogleService-Info.plist"; sourceTree = "<group>"; };
/* End PBXFileReference section */

/* Begin PBXFrameworksBuildPhase section */
		8EDFF51928339E5400B40DE7 /* Frameworks */ = {
			isa = PBXFrameworksBuildPhase;
			buildActionMask = 2147483647;
			files = (
				F36AEF5F2845FBCC0032EF90 /* FirebaseAuth in Frameworks */,
				F36AEF612845FBCC0032EF90 /* FirebaseFirestore in Frameworks */,
				F36AEF632845FBCC0032EF90 /* FirebaseFirestoreSwift in Frameworks */,
			);
			runOnlyForDeploymentPostprocessing = 0;
		};
		8EDFF52928339E5600B40DE7 /* Frameworks */ = {
			isa = PBXFrameworksBuildPhase;
			buildActionMask = 2147483647;
			files = (
			);
			runOnlyForDeploymentPostprocessing = 0;
		};
		8EDFF53328339E5600B40DE7 /* Frameworks */ = {
			isa = PBXFrameworksBuildPhase;
			buildActionMask = 2147483647;
			files = (
			);
			runOnlyForDeploymentPostprocessing = 0;
		};
/* End PBXFrameworksBuildPhase section */

/* Begin PBXGroup section */
		26F3583E283CA02F000D0649 /* Resources */ = {
			isa = PBXGroup;
			children = (
				26F3583F283CA02F000D0649 /* parkingData.json */,
			);
			path = Resources;
			sourceTree = "<group>";
		};
		26F35841283CA38F000D0649 /* Models */ = {
			isa = PBXGroup;
			children = (
				26F3583C283C9F7D000D0649 /* Data.swift */,
				26F3583E283CA02F000D0649 /* Resources */,
				26F35837283C9E00000D0649 /* Parking.swift */,
			);
			path = Models;
			sourceTree = "<group>";
		};
		8EDFF51328339E5400B40DE7 = {
			isa = PBXGroup;
			children = (
				8EDFF51E28339E5400B40DE7 /* BiKU */,
				8EDFF52F28339E5600B40DE7 /* BiKUTests */,
				8EDFF53928339E5600B40DE7 /* BiKUUITests */,
				8EDFF51D28339E5400B40DE7 /* Products */,
			);
			sourceTree = "<group>";
		};
		8EDFF51D28339E5400B40DE7 /* Products */ = {
			isa = PBXGroup;
			children = (
				8EDFF51C28339E5400B40DE7 /* BiKU.app */,
				8EDFF52C28339E5600B40DE7 /* BiKUTests.xctest */,
				8EDFF53628339E5600B40DE7 /* BiKUUITests.xctest */,
			);
			name = Products;
			sourceTree = "<group>";
		};
		8EDFF51E28339E5400B40DE7 /* BiKU */ = {
			isa = PBXGroup;
			children = (
				8EDFF51F28339E5400B40DE7 /* BiKUApp.swift */,
				26DAF3A1283CD5780019F43D /* LaunchScreen.swift */,
				26F3582F283C9C83000D0649 /* MapView.swift */,
				26F35831283C9CAE000D0649 /* ParkingList.swift */,
				26F35833283C9D26000D0649 /* ParkingRow.swift */,
				F36AEF592845FB430032EF90 /* GoogleService-Info.plist */,
				26F35835283C9D9D000D0649 /* ParkingDetail.swift */,
				8EDFF52128339E5400B40DE7 /* LoginView.swift */,
				262C058E283FB5C80013C677 /* SignupView.swift */,
				26F35841283CA38F000D0649 /* Models */,
				8EDFF52328339E5500B40DE7 /* Assets.xcassets */,
				8EDFF52528339E5500B40DE7 /* Preview Content */,
			);
			path = BiKU;
			sourceTree = "<group>";
		};
		8EDFF52528339E5500B40DE7 /* Preview Content */ = {
			isa = PBXGroup;
			children = (
				8EDFF52628339E5500B40DE7 /* Preview Assets.xcassets */,
			);
			path = "Preview Content";
			sourceTree = "<group>";
		};
		8EDFF52F28339E5600B40DE7 /* BiKUTests */ = {
			isa = PBXGroup;
			children = (
				8EDFF53028339E5600B40DE7 /* BiKUTests.swift */,
			);
			path = BiKUTests;
			sourceTree = "<group>";
		};
		8EDFF53928339E5600B40DE7 /* BiKUUITests */ = {
			isa = PBXGroup;
			children = (
				8EDFF53A28339E5600B40DE7 /* BiKUUITests.swift */,
				8EDFF53C28339E5600B40DE7 /* BiKUUITestsLaunchTests.swift */,
			);
			path = BiKUUITests;
			sourceTree = "<group>";
		};
/* End PBXGroup section */

/* Begin PBXNativeTarget section */
		8EDFF51B28339E5400B40DE7 /* BiKU */ = {
			isa = PBXNativeTarget;
			buildConfigurationList = 8EDFF54028339E5600B40DE7 /* Build configuration list for PBXNativeTarget "BiKU" */;
			buildPhases = (
				8EDFF51828339E5400B40DE7 /* Sources */,
				8EDFF51928339E5400B40DE7 /* Frameworks */,
				8EDFF51A28339E5400B40DE7 /* Resources */,
			);
			buildRules = (
			);
			dependencies = (
			);
			name = BiKU;
			packageProductDependencies = (
				F36AEF5E2845FBCC0032EF90 /* FirebaseAuth */,
				F36AEF602845FBCC0032EF90 /* FirebaseFirestore */,
				F36AEF622845FBCC0032EF90 /* FirebaseFirestoreSwift */,
			);
			productName = BiKU;
			productReference = 8EDFF51C28339E5400B40DE7 /* BiKU.app */;
			productType = "com.apple.product-type.application";
		};
		8EDFF52B28339E5600B40DE7 /* BiKUTests */ = {
			isa = PBXNativeTarget;
			buildConfigurationList = 8EDFF54328339E5600B40DE7 /* Build configuration list for PBXNativeTarget "BiKUTests" */;
			buildPhases = (
				8EDFF52828339E5600B40DE7 /* Sources */,
				8EDFF52928339E5600B40DE7 /* Frameworks */,
				8EDFF52A28339E5600B40DE7 /* Resources */,
			);
			buildRules = (
			);
			dependencies = (
				8EDFF52E28339E5600B40DE7 /* PBXTargetDependency */,
			);
			name = BiKUTests;
			productName = BiKUTests;
			productReference = 8EDFF52C28339E5600B40DE7 /* BiKUTests.xctest */;
			productType = "com.apple.product-type.bundle.unit-test";
		};
		8EDFF53528339E5600B40DE7 /* BiKUUITests */ = {
			isa = PBXNativeTarget;
			buildConfigurationList = 8EDFF54628339E5600B40DE7 /* Build configuration list for PBXNativeTarget "BiKUUITests" */;
			buildPhases = (
				8EDFF53228339E5600B40DE7 /* Sources */,
				8EDFF53328339E5600B40DE7 /* Frameworks */,
				8EDFF53428339E5600B40DE7 /* Resources */,
			);
			buildRules = (
			);
			dependencies = (
				8EDFF53828339E5600B40DE7 /* PBXTargetDependency */,
			);
			name = BiKUUITests;
			productName = BiKUUITests;
			productReference = 8EDFF53628339E5600B40DE7 /* BiKUUITests.xctest */;
			productType = "com.apple.product-type.bundle.ui-testing";
		};
/* End PBXNativeTarget section */

/* Begin PBXProject section */
		8EDFF51428339E5400B40DE7 /* Project object */ = {
			isa = PBXProject;
			attributes = {
				BuildIndependentTargetsInParallel = 1;
				LastSwiftUpdateCheck = 1330;
				LastUpgradeCheck = 1330;
				TargetAttributes = {
					8EDFF51B28339E5400B40DE7 = {
						CreatedOnToolsVersion = 13.3.1;
					};
					8EDFF52B28339E5600B40DE7 = {
						CreatedOnToolsVersion = 13.3.1;
						TestTargetID = 8EDFF51B28339E5400B40DE7;
					};
					8EDFF53528339E5600B40DE7 = {
						CreatedOnToolsVersion = 13.3.1;
						TestTargetID = 8EDFF51B28339E5400B40DE7;
					};
				};
			};
			buildConfigurationList = 8EDFF51728339E5400B40DE7 /* Build configuration list for PBXProject "BiKU" */;
			compatibilityVersion = "Xcode 13.0";
			developmentRegion = en;
			hasScannedForEncodings = 0;
			knownRegions = (
				en,
				Base,
			);
			mainGroup = 8EDFF51328339E5400B40DE7;
			packageReferences = (
				F36AEF5D2845FBCC0032EF90 /* XCRemoteSwiftPackageReference "firebase-ios-sdk" */,
			);
			productRefGroup = 8EDFF51D28339E5400B40DE7 /* Products */;
			projectDirPath = "";
			projectRoot = "";
			targets = (
				8EDFF51B28339E5400B40DE7 /* BiKU */,
				8EDFF52B28339E5600B40DE7 /* BiKUTests */,
				8EDFF53528339E5600B40DE7 /* BiKUUITests */,
			);
		};
/* End PBXProject section */

/* Begin PBXResourcesBuildPhase section */
		8EDFF51A28339E5400B40DE7 /* Resources */ = {
			isa = PBXResourcesBuildPhase;
			buildActionMask = 2147483647;
			files = (
				26F35840283CA02F000D0649 /* parkingData.json in Resources */,
				F36AEF5A2845FB430032EF90 /* GoogleService-Info.plist in Resources */,
				8EDFF52728339E5500B40DE7 /* Preview Assets.xcassets in Resources */,
				8EDFF52428339E5500B40DE7 /* Assets.xcassets in Resources */,
			);
			runOnlyForDeploymentPostprocessing = 0;
		};
		8EDFF52A28339E5600B40DE7 /* Resources */ = {
			isa = PBXResourcesBuildPhase;
			buildActionMask = 2147483647;
			files = (
				F36AEF5B2845FB430032EF90 /* GoogleService-Info.plist in Resources */,
			);
			runOnlyForDeploymentPostprocessing = 0;
		};
		8EDFF53428339E5600B40DE7 /* Resources */ = {
			isa = PBXResourcesBuildPhase;
			buildActionMask = 2147483647;
			files = (
				F36AEF5C2845FB430032EF90 /* GoogleService-Info.plist in Resources */,
			);
			runOnlyForDeploymentPostprocessing = 0;
		};
/* End PBXResourcesBuildPhase section */

/* Begin PBXSourcesBuildPhase section */
		8EDFF51828339E5400B40DE7 /* Sources */ = {
			isa = PBXSourcesBuildPhase;
			buildActionMask = 2147483647;
			files = (
				26F35834283C9D26000D0649 /* ParkingRow.swift in Sources */,
				262C058F283FB5C80013C677 /* SignupView.swift in Sources */,
				26F35832283C9CAE000D0649 /* ParkingList.swift in Sources */,
				26DAF3A2283CD5790019F43D /* LaunchScreen.swift in Sources */,
				26F35838283C9E00000D0649 /* Parking.swift in Sources */,
				8EDFF52228339E5400B40DE7 /* LoginView.swift in Sources */,
				26F35836283C9D9D000D0649 /* ParkingDetail.swift in Sources */,
				26F35830283C9C83000D0649 /* MapView.swift in Sources */,
				8EDFF52028339E5400B40DE7 /* BiKUApp.swift in Sources */,
				26F3583D283C9F7D000D0649 /* Data.swift in Sources */,
			);
			runOnlyForDeploymentPostprocessing = 0;
		};
		8EDFF52828339E5600B40DE7 /* Sources */ = {
			isa = PBXSourcesBuildPhase;
			buildActionMask = 2147483647;
			files = (
				8EDFF53128339E5600B40DE7 /* BiKUTests.swift in Sources */,
			);
			runOnlyForDeploymentPostprocessing = 0;
		};
		8EDFF53228339E5600B40DE7 /* Sources */ = {
			isa = PBXSourcesBuildPhase;
			buildActionMask = 2147483647;
			files = (
				8EDFF53B28339E5600B40DE7 /* BiKUUITests.swift in Sources */,
				8EDFF53D28339E5600B40DE7 /* BiKUUITestsLaunchTests.swift in Sources */,
			);
			runOnlyForDeploymentPostprocessing = 0;
		};
/* End PBXSourcesBuildPhase section */

/* Begin PBXTargetDependency section */
		8EDFF52E28339E5600B40DE7 /* PBXTargetDependency */ = {
			isa = PBXTargetDependency;
			target = 8EDFF51B28339E5400B40DE7 /* BiKU */;
			targetProxy = 8EDFF52D28339E5600B40DE7 /* PBXContainerItemProxy */;
		};
		8EDFF53828339E5600B40DE7 /* PBXTargetDependency */ = {
			isa = PBXTargetDependency;
			target = 8EDFF51B28339E5400B40DE7 /* BiKU */;
			targetProxy = 8EDFF53728339E5600B40DE7 /* PBXContainerItemProxy */;
		};
/* End PBXTargetDependency section */

/* Begin XCBuildConfiguration section */
		8EDFF53E28339E5600B40DE7 /* Debug */ = {
			isa = XCBuildConfiguration;
			buildSettings = {
				ALWAYS_SEARCH_USER_PATHS = NO;
				CLANG_ANALYZER_NONNULL = YES;
				CLANG_ANALYZER_NUMBER_OBJECT_CONVERSION = YES_AGGRESSIVE;
				CLANG_CXX_LANGUAGE_STANDARD = "gnu++17";
				CLANG_ENABLE_MODULES = YES;
				CLANG_ENABLE_OBJC_ARC = YES;
				CLANG_ENABLE_OBJC_WEAK = YES;
				CLANG_WARN_BLOCK_CAPTURE_AUTORELEASING = YES;
				CLANG_WARN_BOOL_CONVERSION = YES;
				CLANG_WARN_COMMA = YES;
				CLANG_WARN_CONSTANT_CONVERSION = YES;
				CLANG_WARN_DEPRECATED_OBJC_IMPLEMENTATIONS = YES;
				CLANG_WARN_DIRECT_OBJC_ISA_USAGE = YES_ERROR;
				CLANG_WARN_DOCUMENTATION_COMMENTS = YES;
				CLANG_WARN_EMPTY_BODY = YES;
				CLANG_WARN_ENUM_CONVERSION = YES;
				CLANG_WARN_INFINITE_RECURSION = YES;
				CLANG_WARN_INT_CONVERSION = YES;
				CLANG_WARN_NON_LITERAL_NULL_CONVERSION = YES;
				CLANG_WARN_OBJC_IMPLICIT_RETAIN_SELF = YES;
				CLANG_WARN_OBJC_LITERAL_CONVERSION = YES;
				CLANG_WARN_OBJC_ROOT_CLASS = YES_ERROR;
				CLANG_WARN_QUOTED_INCLUDE_IN_FRAMEWORK_HEADER = YES;
				CLANG_WARN_RANGE_LOOP_ANALYSIS = YES;
				CLANG_WARN_STRICT_PROTOTYPES = YES;
				CLANG_WARN_SUSPICIOUS_MOVE = YES;
				CLANG_WARN_UNGUARDED_AVAILABILITY = YES_AGGRESSIVE;
				CLANG_WARN_UNREACHABLE_CODE = YES;
				CLANG_WARN__DUPLICATE_METHOD_MATCH = YES;
				COPY_PHASE_STRIP = NO;
				DEBUG_INFORMATION_FORMAT = dwarf;
				ENABLE_STRICT_OBJC_MSGSEND = YES;
				ENABLE_TESTABILITY = YES;
				GCC_C_LANGUAGE_STANDARD = gnu11;
				GCC_DYNAMIC_NO_PIC = NO;
				GCC_NO_COMMON_BLOCKS = YES;
				GCC_OPTIMIZATION_LEVEL = 0;
				GCC_PREPROCESSOR_DEFINITIONS = (
					"DEBUG=1",
					"$(inherited)",
				);
				GCC_WARN_64_TO_32_BIT_CONVERSION = YES;
				GCC_WARN_ABOUT_RETURN_TYPE = YES_ERROR;
				GCC_WARN_UNDECLARED_SELECTOR = YES;
				GCC_WARN_UNINITIALIZED_AUTOS = YES_AGGRESSIVE;
				GCC_WARN_UNUSED_FUNCTION = YES;
				GCC_WARN_UNUSED_VARIABLE = YES;
				IPHONEOS_DEPLOYMENT_TARGET = 15.4;
				MTL_ENABLE_DEBUG_INFO = INCLUDE_SOURCE;
				MTL_FAST_MATH = YES;
				ONLY_ACTIVE_ARCH = YES;
				SDKROOT = iphoneos;
				SWIFT_ACTIVE_COMPILATION_CONDITIONS = DEBUG;
				SWIFT_OPTIMIZATION_LEVEL = "-Onone";
			};
			name = Debug;
		};
		8EDFF53F28339E5600B40DE7 /* Release */ = {
			isa = XCBuildConfiguration;
			buildSettings = {
				ALWAYS_SEARCH_USER_PATHS = NO;
				CLANG_ANALYZER_NONNULL = YES;
				CLANG_ANALYZER_NUMBER_OBJECT_CONVERSION = YES_AGGRESSIVE;
				CLANG_CXX_LANGUAGE_STANDARD = "gnu++17";
				CLANG_ENABLE_MODULES = YES;
				CLANG_ENABLE_OBJC_ARC = YES;
				CLANG_ENABLE_OBJC_WEAK = YES;
				CLANG_WARN_BLOCK_CAPTURE_AUTORELEASING = YES;
				CLANG_WARN_BOOL_CONVERSION = YES;
				CLANG_WARN_COMMA = YES;
				CLANG_WARN_CONSTANT_CONVERSION = YES;
				CLANG_WARN_DEPRECATED_OBJC_IMPLEMENTATIONS = YES;
				CLANG_WARN_DIRECT_OBJC_ISA_USAGE = YES_ERROR;
				CLANG_WARN_DOCUMENTATION_COMMENTS = YES;
				CLANG_WARN_EMPTY_BODY = YES;
				CLANG_WARN_ENUM_CONVERSION = YES;
				CLANG_WARN_INFINITE_RECURSION = YES;
				CLANG_WARN_INT_CONVERSION = YES;
				CLANG_WARN_NON_LITERAL_NULL_CONVERSION = YES;
				CLANG_WARN_OBJC_IMPLICIT_RETAIN_SELF = YES;
				CLANG_WARN_OBJC_LITERAL_CONVERSION = YES;
				CLANG_WARN_OBJC_ROOT_CLASS = YES_ERROR;
				CLANG_WARN_QUOTED_INCLUDE_IN_FRAMEWORK_HEADER = YES;
				CLANG_WARN_RANGE_LOOP_ANALYSIS = YES;
				CLANG_WARN_STRICT_PROTOTYPES = YES;
				CLANG_WARN_SUSPICIOUS_MOVE = YES;
				CLANG_WARN_UNGUARDED_AVAILABILITY = YES_AGGRESSIVE;
				CLANG_WARN_UNREACHABLE_CODE = YES;
				CLANG_WARN__DUPLICATE_METHOD_MATCH = YES;
				COPY_PHASE_STRIP = NO;
				DEBUG_INFORMATION_FORMAT = "dwarf-with-dsym";
				ENABLE_NS_ASSERTIONS = NO;
				ENABLE_STRICT_OBJC_MSGSEND = YES;
				GCC_C_LANGUAGE_STANDARD = gnu11;
				GCC_NO_COMMON_BLOCKS = YES;
				GCC_WARN_64_TO_32_BIT_CONVERSION = YES;
				GCC_WARN_ABOUT_RETURN_TYPE = YES_ERROR;
				GCC_WARN_UNDECLARED_SELECTOR = YES;
				GCC_WARN_UNINITIALIZED_AUTOS = YES_AGGRESSIVE;
				GCC_WARN_UNUSED_FUNCTION = YES;
				GCC_WARN_UNUSED_VARIABLE = YES;
				IPHONEOS_DEPLOYMENT_TARGET = 15.4;
				MTL_ENABLE_DEBUG_INFO = NO;
				MTL_FAST_MATH = YES;
				SDKROOT = iphoneos;
				SWIFT_COMPILATION_MODE = wholemodule;
				SWIFT_OPTIMIZATION_LEVEL = "-O";
				VALIDATE_PRODUCT = YES;
			};
			name = Release;
		};
		8EDFF54128339E5600B40DE7 /* Debug */ = {
			isa = XCBuildConfiguration;
			buildSettings = {
				ASSETCATALOG_COMPILER_APPICON_NAME = AppIcon;
				ASSETCATALOG_COMPILER_GLOBAL_ACCENT_COLOR_NAME = AccentColor;
				CODE_SIGN_STYLE = Automatic;
				CURRENT_PROJECT_VERSION = 1;
				DEVELOPMENT_ASSET_PATHS = "\"BiKU/Preview Content\"";
				DEVELOPMENT_TEAM = CQVNPD2RU2;
				ENABLE_PREVIEWS = YES;
				GENERATE_INFOPLIST_FILE = YES;
				INFOPLIST_KEY_UIApplicationSceneManifest_Generation = YES;
				INFOPLIST_KEY_UIApplicationSupportsIndirectInputEvents = YES;
				INFOPLIST_KEY_UILaunchScreen_Generation = YES;
				INFOPLIST_KEY_UISupportedInterfaceOrientations_iPad = "UIInterfaceOrientationPortrait UIInterfaceOrientationPortraitUpsideDown UIInterfaceOrientationLandscapeLeft UIInterfaceOrientationLandscapeRight";
				INFOPLIST_KEY_UISupportedInterfaceOrientations_iPhone = "UIInterfaceOrientationPortrait UIInterfaceOrientationLandscapeLeft UIInterfaceOrientationLandscapeRight";
				LD_RUNPATH_SEARCH_PATHS = (
					"$(inherited)",
					"@executable_path/Frameworks",
				);
				MARKETING_VERSION = 1.0;
				PRODUCT_BUNDLE_IDENTIFIER = "hirano.BiKU-20220531";
				PRODUCT_NAME = "$(TARGET_NAME)";
				SWIFT_EMIT_LOC_STRINGS = YES;
				SWIFT_VERSION = 5.0;
				TARGETED_DEVICE_FAMILY = "1,2";
			};
			name = Debug;
		};
		8EDFF54228339E5600B40DE7 /* Release */ = {
			isa = XCBuildConfiguration;
			buildSettings = {
				ASSETCATALOG_COMPILER_APPICON_NAME = AppIcon;
				ASSETCATALOG_COMPILER_GLOBAL_ACCENT_COLOR_NAME = AccentColor;
				CODE_SIGN_STYLE = Automatic;
				CURRENT_PROJECT_VERSION = 1;
				DEVELOPMENT_ASSET_PATHS = "\"BiKU/Preview Content\"";
				DEVELOPMENT_TEAM = CQVNPD2RU2;
				ENABLE_PREVIEWS = YES;
				GENERATE_INFOPLIST_FILE = YES;
				INFOPLIST_KEY_UIApplicationSceneManifest_Generation = YES;
				INFOPLIST_KEY_UIApplicationSupportsIndirectInputEvents = YES;
				INFOPLIST_KEY_UILaunchScreen_Generation = YES;
				INFOPLIST_KEY_UISupportedInterfaceOrientations_iPad = "UIInterfaceOrientationPortrait UIInterfaceOrientationPortraitUpsideDown UIInterfaceOrientationLandscapeLeft UIInterfaceOrientationLandscapeRight";
				INFOPLIST_KEY_UISupportedInterfaceOrientations_iPhone = "UIInterfaceOrientationPortrait UIInterfaceOrientationLandscapeLeft UIInterfaceOrientationLandscapeRight";
				LD_RUNPATH_SEARCH_PATHS = (
					"$(inherited)",
					"@executable_path/Frameworks",
				);
				MARKETING_VERSION = 1.0;
				PRODUCT_BUNDLE_IDENTIFIER = "hirano.BiKU-20220531";
				PRODUCT_NAME = "$(TARGET_NAME)";
				SWIFT_EMIT_LOC_STRINGS = YES;
				SWIFT_VERSION = 5.0;
				TARGETED_DEVICE_FAMILY = "1,2";
			};
			name = Release;
		};
		8EDFF54428339E5600B40DE7 /* Debug */ = {
			isa = XCBuildConfiguration;
			buildSettings = {
				ALWAYS_EMBED_SWIFT_STANDARD_LIBRARIES = YES;
				BUNDLE_LOADER = "$(TEST_HOST)";
				CODE_SIGN_STYLE = Automatic;
				CURRENT_PROJECT_VERSION = 1;
				GENERATE_INFOPLIST_FILE = YES;
				IPHONEOS_DEPLOYMENT_TARGET = 15.4;
				MARKETING_VERSION = 1.0;
				PRODUCT_BUNDLE_IDENTIFIER = hirano.BiKUTests;
				PRODUCT_NAME = "$(TARGET_NAME)";
				SWIFT_EMIT_LOC_STRINGS = NO;
				SWIFT_VERSION = 5.0;
				TARGETED_DEVICE_FAMILY = "1,2";
				TEST_HOST = "$(BUILT_PRODUCTS_DIR)/BiKU.app/BiKU";
			};
			name = Debug;
		};
		8EDFF54528339E5600B40DE7 /* Release */ = {
			isa = XCBuildConfiguration;
			buildSettings = {
				ALWAYS_EMBED_SWIFT_STANDARD_LIBRARIES = YES;
				BUNDLE_LOADER = "$(TEST_HOST)";
				CODE_SIGN_STYLE = Automatic;
				CURRENT_PROJECT_VERSION = 1;
				GENERATE_INFOPLIST_FILE = YES;
				IPHONEOS_DEPLOYMENT_TARGET = 15.4;
				MARKETING_VERSION = 1.0;
				PRODUCT_BUNDLE_IDENTIFIER = hirano.BiKUTests;
				PRODUCT_NAME = "$(TARGET_NAME)";
				SWIFT_EMIT_LOC_STRINGS = NO;
				SWIFT_VERSION = 5.0;
				TARGETED_DEVICE_FAMILY = "1,2";
				TEST_HOST = "$(BUILT_PRODUCTS_DIR)/BiKU.app/BiKU";
			};
			name = Release;
		};
		8EDFF54728339E5600B40DE7 /* Debug */ = {
			isa = XCBuildConfiguration;
			buildSettings = {
				ALWAYS_EMBED_SWIFT_STANDARD_LIBRARIES = YES;
				CODE_SIGN_STYLE = Automatic;
				CURRENT_PROJECT_VERSION = 1;
				GENERATE_INFOPLIST_FILE = YES;
				MARKETING_VERSION = 1.0;
				PRODUCT_BUNDLE_IDENTIFIER = hirano.BiKUUITests;
				PRODUCT_NAME = "$(TARGET_NAME)";
				SWIFT_EMIT_LOC_STRINGS = NO;
				SWIFT_VERSION = 5.0;
				TARGETED_DEVICE_FAMILY = "1,2";
				TEST_TARGET_NAME = BiKU;
			};
			name = Debug;
		};
		8EDFF54828339E5600B40DE7 /* Release */ = {
			isa = XCBuildConfiguration;
			buildSettings = {
				ALWAYS_EMBED_SWIFT_STANDARD_LIBRARIES = YES;
				CODE_SIGN_STYLE = Automatic;
				CURRENT_PROJECT_VERSION = 1;
				GENERATE_INFOPLIST_FILE = YES;
				MARKETING_VERSION = 1.0;
				PRODUCT_BUNDLE_IDENTIFIER = hirano.BiKUUITests;
				PRODUCT_NAME = "$(TARGET_NAME)";
				SWIFT_EMIT_LOC_STRINGS = NO;
				SWIFT_VERSION = 5.0;
				TARGETED_DEVICE_FAMILY = "1,2";
				TEST_TARGET_NAME = BiKU;
			};
			name = Release;
		};
/* End XCBuildConfiguration section */

/* Begin XCConfigurationList section */
		8EDFF51728339E5400B40DE7 /* Build configuration list for PBXProject "BiKU" */ = {
			isa = XCConfigurationList;
			buildConfigurations = (
				8EDFF53E28339E5600B40DE7 /* Debug */,
				8EDFF53F28339E5600B40DE7 /* Release */,
			);
			defaultConfigurationIsVisible = 0;
			defaultConfigurationName = Release;
		};
		8EDFF54028339E5600B40DE7 /* Build configuration list for PBXNativeTarget "BiKU" */ = {
			isa = XCConfigurationList;
			buildConfigurations = (
				8EDFF54128339E5600B40DE7 /* Debug */,
				8EDFF54228339E5600B40DE7 /* Release */,
			);
			defaultConfigurationIsVisible = 0;
			defaultConfigurationName = Release;
		};
		8EDFF54328339E5600B40DE7 /* Build configuration list for PBXNativeTarget "BiKUTests" */ = {
			isa = XCConfigurationList;
			buildConfigurations = (
				8EDFF54428339E5600B40DE7 /* Debug */,
				8EDFF54528339E5600B40DE7 /* Release */,
			);
			defaultConfigurationIsVisible = 0;
			defaultConfigurationName = Release;
		};
		8EDFF54628339E5600B40DE7 /* Build configuration list for PBXNativeTarget "BiKUUITests" */ = {
			isa = XCConfigurationList;
			buildConfigurations = (
				8EDFF54728339E5600B40DE7 /* Debug */,
				8EDFF54828339E5600B40DE7 /* Release */,
			);
			defaultConfigurationIsVisible = 0;
			defaultConfigurationName = Release;
		};
/* End XCConfigurationList section */

/* Begin XCRemoteSwiftPackageReference section */
		F36AEF5D2845FBCC0032EF90 /* XCRemoteSwiftPackageReference "firebase-ios-sdk" */ = {
			isa = XCRemoteSwiftPackageReference;
			repositoryURL = "https://github.com/firebase/firebase-ios-sdk";
			requirement = {
				kind = upToNextMajorVersion;
				minimumVersion = 9.0.0;
			};
		};
/* End XCRemoteSwiftPackageReference section */

/* Begin XCSwiftPackageProductDependency section */
		F36AEF5E2845FBCC0032EF90 /* FirebaseAuth */ = {
			isa = XCSwiftPackageProductDependency;
			package = F36AEF5D2845FBCC0032EF90 /* XCRemoteSwiftPackageReference "firebase-ios-sdk" */;
			productName = FirebaseAuth;
		};
		F36AEF602845FBCC0032EF90 /* FirebaseFirestore */ = {
			isa = XCSwiftPackageProductDependency;
			package = F36AEF5D2845FBCC0032EF90 /* XCRemoteSwiftPackageReference "firebase-ios-sdk" */;
			productName = FirebaseFirestore;
		};
		F36AEF622845FBCC0032EF90 /* FirebaseFirestoreSwift */ = {
			isa = XCSwiftPackageProductDependency;
			package = F36AEF5D2845FBCC0032EF90 /* XCRemoteSwiftPackageReference "firebase-ios-sdk" */;
			productName = FirebaseFirestoreSwift;
		};
/* End XCSwiftPackageProductDependency section */
	};
	rootObject = 8EDFF51428339E5400B40DE7 /* Project object */;
}
